
Microsoft Visual Studio Solution File, Format Version 12.00
# Visual Studio Version 17
VisualStudioVersion = 17.12.35728.132 d17.12
MinimumVisualStudioVersion = 10.0.40219.1
Project("{FAE04EC0-301F-11D3-BF4B-00C04F79EFBC}") = "Employeemanagement.Server", "Employeemanagement.Server\Employeemanagement.Server.csproj", "{EB5574B3-2B04-4596-8DEA-AA3978AB4471}"
EndProject
Project("{54A90642-561A-4BB1-A94E-469ADEE60C69}") = "employeemanagement.client", "employeemanagement.client\employeemanagement.client.esproj", "{8D7326BF-A85B-4FB8-AE97-62C4D8715BCE}"
EndProject
Global
	GlobalSection(SolutionConfigurationPlatforms) = preSolution
		Debug|Any CPU = Debug|Any CPU
		Release|Any CPU = Release|Any CPU
	EndGlobalSection
	GlobalSection(ProjectConfigurationPlatforms) = postSolution
		{EB5574B3-2B04-4596-8DEA-AA3978AB4471}.Debug|Any CPU.ActiveCfg = Debug|Any CPU
		{EB5574B3-2B04-4596-8DEA-AA3978AB4471}.Debug|Any CPU.Build.0 = Debug|Any CPU
		{EB5574B3-2B04-4596-8DEA-AA3978AB4471}.Release|Any CPU.ActiveCfg = Release|Any CPU
		{EB5574B3-2B04-4596-8DEA-AA3978AB4471}.Release|Any CPU.Build.0 = Release|Any CPU
		{8D7326BF-A85B-4FB8-AE97-62C4D8715BCE}.Debug|Any CPU.ActiveCfg = Debug|Any CPU
		{8D7326BF-A85B-4FB8-AE97-62C4D8715BCE}.Debug|Any CPU.Build.0 = Debug|Any CPU
		{8D7326BF-A85B-4FB8-AE97-62C4D8715BCE}.Debug|Any CPU.Deploy.0 = Debug|Any CPU
		{8D7326BF-A85B-4FB8-AE97-62C4D8715BCE}.Release|Any CPU.ActiveCfg = Release|Any CPU
		{8D7326BF-A85B-4FB8-AE97-62C4D8715BCE}.Release|Any CPU.Build.0 = Release|Any CPU
		{8D7326BF-A85B-4FB8-AE97-62C4D8715BCE}.Release|Any CPU.Deploy.0 = Release|Any CPU
	EndGlobalSection
	GlobalSection(SolutionProperties) = preSolution
		HideSolutionNode = FALSE
	EndGlobalSection
EndGlobal
